{
  "name": "path-handle",
  "lockfileVersion": 3,
  "requires": true,
  "packages": {
    "": {
      "name": "path-handle",
      "dependencies": {
        "bezier-js": "6.1.4"
      }
    },
    "node_modules/bezier-js": {
      "version": "6.1.4",
      "resolved": "https://registry.npmmirror.com/bezier-js/-/bezier-js-6.1.4.tgz",
      "integrity": "sha512-PA0FW9ZpcHbojUCMu28z9Vg/fNkwTj5YhusSAjHHDfHDGLxJ6YUKrAN2vk1fP2MMOxVw4Oko16FMlRGVBGqLKg==",
      "license": "MIT",
      "funding": {
        "type": "individual",
        "url": "https://github.com/Pomax/bezierjs/blob/master/FUNDING.md"
      }
    }
  }
}
